
Microsoft Visual Studio Solution File, Format Version 12.00
# Visual Studio Version 16
VisualStudioVersion = 16.0.30225.117
MinimumVisualStudioVersion = 10.0.40219.1
Project("{FAE04EC0-301F-11D3-BF4B-00C04F79EFBC}") = "ordenes", "ordenes.csproj", "{0A5C7655-7B6B-4EFF-882A-5C390252D556}"
EndProject
Global
	GlobalSection(SolutionConfigurationPlatforms) = preSolution
		Debug|Any CPU = Debug|Any CPU
		Release|Any CPU = Release|Any CPU
	EndGlobalSection
	GlobalSection(ProjectConfigurationPlatforms) = postSolution
		{0A5C7655-7B6B-4EFF-882A-5C390252D556}.Debug|Any CPU.ActiveCfg = Debug|Any CPU
		{0A5C7655-7B6B-4EFF-882A-5C390252D556}.Debug|Any CPU.Build.0 = Debug|Any CPU
		{0A5C7655-7B6B-4EFF-882A-5C390252D556}.Release|Any CPU.ActiveCfg = Release|Any CPU
		{0A5C7655-7B6B-4EFF-882A-5C390252D556}.Release|Any CPU.Build.0 = Release|Any CPU
	EndGlobalSection
	GlobalSection(SolutionProperties) = preSolution
		HideSolutionNode = FALSE
	EndGlobalSection
	GlobalSection(ExtensibilityGlobals) = postSolution
		SolutionGuid = {FD956F31-8426-4979-8C79-767FCCF39B68}
	EndGlobalSection
EndGlobal
